
Microsoft Visual Studio Solution File, Format Version 12.00
# Visual Studio Version 16
VisualStudioVersion = 16.0.29519.87
MinimumVisualStudioVersion = 10.0.40219.1
Project("{FAE04EC0-301F-11D3-BF4B-00C04F79EFBC}") = "XMLReference", "XMLReference.csproj", "{74BA78A6-45EB-45E7-B500-7C857E340387}"
EndProject
Global
	GlobalSection(SolutionConfigurationPlatforms) = preSolution
		Debug|Any CPU = Debug|Any CPU
		Release|Any CPU = Release|Any CPU
	EndGlobalSection
	GlobalSection(ProjectConfigurationPlatforms) = postSolution
		{74BA78A6-45EB-45E7-B500-7C857E340387}.Debug|Any CPU.ActiveCfg = Debug|Any CPU
		{74BA78A6-45EB-45E7-B500-7C857E340387}.Debug|Any CPU.Build.0 = Debug|Any CPU
		{74BA78A6-45EB-45E7-B500-7C857E340387}.Release|Any CPU.ActiveCfg = Release|Any CPU
		{74BA78A6-45EB-45E7-B500-7C857E340387}.Release|Any CPU.Build.0 = Release|Any CPU
	EndGlobalSection
	GlobalSection(SolutionProperties) = preSolution
		HideSolutionNode = FALSE
	EndGlobalSection
	GlobalSection(ExtensibilityGlobals) = postSolution
		SolutionGuid = {6FFCAE48-4F78-493F-9707-2C7065BE3855}
	EndGlobalSection
EndGlobal
